
Microsoft Visual Studio Solution File, Format Version 12.00
# Visual Studio Version 17
VisualStudioVersion = 17.2.32210.308
MinimumVisualStudioVersion = 10.0.40219.1
Project("{9A19103F-16F7-4668-BE54-9A1E7A4F7556}") = "LinuxDBus", "LinuxDBus.Client\LinuxDBus.Client.csproj", "{8A09C481-C718-40DB-8344-C30F2489FDD6}"
EndProject
Global
	GlobalSection(SolutionConfigurationPlatforms) = preSolution
		Debug|Any CPU = Debug|Any CPU
		Release|Any CPU = Release|Any CPU
	EndGlobalSection
	GlobalSection(ProjectConfigurationPlatforms) = postSolution
		{8A09C481-C718-40DB-8344-C30F2489FDD6}.Debug|Any CPU.ActiveCfg = Debug|Any CPU
		{8A09C481-C718-40DB-8344-C30F2489FDD6}.Debug|Any CPU.Build.0 = Debug|Any CPU
		{8A09C481-C718-40DB-8344-C30F2489FDD6}.Release|Any CPU.ActiveCfg = Release|Any CPU
		{8A09C481-C718-40DB-8344-C30F2489FDD6}.Release|Any CPU.Build.0 = Release|Any CPU
	EndGlobalSection
	GlobalSection(SolutionProperties) = preSolution
		HideSolutionNode = FALSE
	EndGlobalSection
	GlobalSection(ExtensibilityGlobals) = postSolution
		SolutionGuid = {04E88B23-A82A-47B7-BE4C-C3C199C47BDE}
	EndGlobalSection
EndGlobal
